{
  "nodes": {
    "nix-ld": {
      "inputs": {
        "nixpkgs": [
          "nixpkgs"
        ],
        "utils": "utils"
      },
      "locked": {
        "lastModified": 1637574694,
        "narHash": "sha256-UHYvqGnsU4h5/Kt3gbiRbaMcN7hJ8u7ey8t4qO8maUI=",
        "owner": "Mic92",
        "repo": "nix-ld",
        "rev": "6faa38511602d9c1c5ae44eaa0fc531e4b657576",
        "type": "github"
      },
      "original": {
        "owner": "Mic92",
        "repo": "nix-ld",
        "type": "github"
      }
    },
    "nixos-hardware": {
      "locked": {
        "lastModified": 1645855197,
        "narHash": "sha256-0FvBpX/9n69vg+XgcMow0RIRYbTHav1uCbL9Xt9HvcA=",
        "owner": "NixOS",
        "repo": "nixos-hardware",
        "rev": "c3c66f6db4ac74a59eb83d83e40c10046ebc0b8c",
        "type": "github"
      },
      "original": {
        "owner": "NixOS",
        "repo": "nixos-hardware",
        "type": "github"
      }
    },
    "nixpkgs": {
      "locked": {
        "lastModified": 1646162891,
        "narHash": "sha256-Yoyur5LD3nRKFZRwVi2lHZi2HKoWUJFAHgIFcYsRhho=",
        "owner": "NixOS",
        "repo": "nixpkgs",
        "rev": "b099eaa0e01a45fc3459bbe987c3405c425ef05c",
        "type": "github"
      },
      "original": {
        "owner": "NixOS",
        "ref": "nixos-21.11",
        "repo": "nixpkgs",
        "type": "github"
      }
    },
    "nixunstable": {
      "locked": {
        "lastModified": 1646159311,
        "narHash": "sha256-ILKckkiG074t3a0pwaPLjio8zVWgowpEp7AUwI5HjHE=",
        "owner": "NixOS",
        "repo": "nixpkgs",
        "rev": "18bd82edcc752d6a0e6cce1401ba0c81353a03ca",
        "type": "github"
      },
      "original": {
        "owner": "NixOS",
        "ref": "nixos-unstable",
        "repo": "nixpkgs",
        "type": "github"
      }
    },
    "root": {
      "inputs": {
        "nix-ld": "nix-ld",
        "nixos-hardware": "nixos-hardware",
        "nixpkgs": "nixpkgs",
        "nixunstable": "nixunstable"
      }
    },
    "utils": {
      "locked": {
        "lastModified": 1610051610,
        "narHash": "sha256-U9rPz/usA1/Aohhk7Cmc2gBrEEKRzcW4nwPWMPwja4Y=",
        "owner": "numtide",
        "repo": "flake-utils",
        "rev": "3982c9903e93927c2164caa727cd3f6a0e6d14cc",
        "type": "github"
      },
      "original": {
        "owner": "numtide",
        "repo": "flake-utils",
        "type": "github"
      }
    }
  },
  "root": "root",
  "version": 7
}
