{
  "nodes": {
    "mcomnix": {
      "locked": {
        "lastModified": 1717786204,
        "narHash": "sha256-4q0s6m0GUcN7q+Y2DqD27iLvbcd1G50T2lv08kKxkSI=",
        "owner": "NixOS",
        "repo": "nixpkgs",
        "rev": "051f920625ab5aabe37c920346e3e69d7d34400e",
        "type": "github"
      },
      "original": {
        "owner": "NixOS",
        "repo": "nixpkgs",
        "rev": "051f920625ab5aabe37c920346e3e69d7d34400e",
        "type": "github"
      }
    },
    "nixos-hardware": {
      "locked": {
        "lastModified": 1728269138,
        "narHash": "sha256-oKxDImsOvgUZMY4NwXVyUc/c1HiU2qInX+b5BU0yXls=",
        "owner": "NixOS",
        "repo": "nixos-hardware",
        "rev": "ecfcd787f373f43307d764762e139a7cdeb9c22b",
        "type": "github"
      },
      "original": {
        "owner": "NixOS",
        "repo": "nixos-hardware",
        "type": "github"
      }
    },
    "nixpkgs": {
      "locked": {
        "lastModified": 1680487167,
        "narHash": "sha256-9FNIqrxDZgSliGGN2XJJSvcDYmQbgOANaZA4UWnTdg4=",
        "owner": "NixOS",
        "repo": "nixpkgs",
        "rev": "53dad94e874c9586e71decf82d972dfb640ef044",
        "type": "github"
      },
      "original": {
        "owner": "NixOS",
        "ref": "nixpkgs-unstable",
        "repo": "nixpkgs",
        "type": "github"
      }
    },
    "nixunstable": {
      "locked": {
        "lastModified": 1728241625,
        "narHash": "sha256-yumd4fBc/hi8a9QgA9IT8vlQuLZ2oqhkJXHPKxH/tRw=",
        "owner": "NixOS",
        "repo": "nixpkgs",
        "rev": "c31898adf5a8ed202ce5bea9f347b1c6871f32d1",
        "type": "github"
      },
      "original": {
        "owner": "NixOS",
        "ref": "nixos-unstable",
        "repo": "nixpkgs",
        "type": "github"
      }
    },
    "programsdb": {
      "inputs": {
        "nixpkgs": "nixpkgs",
        "utils": "utils"
      },
      "locked": {
        "lastModified": 1728396981,
        "narHash": "sha256-ECS/P1QspkVJCam2R3Qz1rh8UMSWkdTh5LMG5E6pP+g=",
        "owner": "wamserma",
        "repo": "flake-programs-sqlite",
        "rev": "352215f0a988b187e95ff805ea2dae8037306a69",
        "type": "github"
      },
      "original": {
        "owner": "wamserma",
        "repo": "flake-programs-sqlite",
        "type": "github"
      }
    },
    "root": {
      "inputs": {
        "mcomnix": "mcomnix",
        "nixos-hardware": "nixos-hardware",
        "nixunstable": "nixunstable",
        "programsdb": "programsdb"
      }
    },
    "utils": {
      "locked": {
        "lastModified": 1678901627,
        "narHash": "sha256-U02riOqrKKzwjsxc/400XnElV+UtPUQWpANPlyazjH0=",
        "owner": "numtide",
        "repo": "flake-utils",
        "rev": "93a2b84fc4b70d9e089d029deacc3583435c2ed6",
        "type": "github"
      },
      "original": {
        "owner": "numtide",
        "repo": "flake-utils",
        "type": "github"
      }
    }
  },
  "root": "root",
  "version": 7
}
